PODS:
  - BubbleTransition (1.0.3)
  - FontAwesome.swift (0.8.0)
  - SnapKit (0.15.0)

DEPENDENCIES:
  - BubbleTransition (~> 1.0.0)
  - FontAwesome.swift
  - SnapKit (~> 0.15.0)

SPEC CHECKSUMS:
  BubbleTransition: a7ae6678721406d60f604cbbea1ace505563119d
  FontAwesome.swift: f8c6cc5c42cbe93bdc04371363bc7b371fb3d3a1
  SnapKit: 4962eed2ee18e48cbd2b2292fffc57efe7235f87

PODFILE CHECKSUM: 1ebab1182a5999817e1646723629cccc5338063a

COCOAPODS: 1.0.0
